
Microsoft Visual Studio Solution File, Format Version 12.00
# Visual Studio Version 16
VisualStudioVersion = 16.0.32106.194
MinimumVisualStudioVersion = 10.0.40219.1
Project("{FAE04EC0-301F-11D3-BF4B-00C04F79EFBC}") = "DontOpenTheChest", "DontOpenTheChest.csproj", "{1D988730-168F-4633-85C6-B3B4586EEDFC}"
EndProject
Global
	GlobalSection(SolutionConfigurationPlatforms) = preSolution
		Debug|Any CPU = Debug|Any CPU
		Release|Any CPU = Release|Any CPU
	EndGlobalSection
	GlobalSection(ProjectConfigurationPlatforms) = postSolution
		{1D988730-168F-4633-85C6-B3B4586EEDFC}.Debug|Any CPU.ActiveCfg = Debug|Any CPU
		{1D988730-168F-4633-85C6-B3B4586EEDFC}.Debug|Any CPU.Build.0 = Debug|Any CPU
		{1D988730-168F-4633-85C6-B3B4586EEDFC}.Release|Any CPU.ActiveCfg = Release|Any CPU
		{1D988730-168F-4633-85C6-B3B4586EEDFC}.Release|Any CPU.Build.0 = Release|Any CPU
	EndGlobalSection
	GlobalSection(SolutionProperties) = preSolution
		HideSolutionNode = FALSE
	EndGlobalSection
	GlobalSection(ExtensibilityGlobals) = postSolution
		SolutionGuid = {9106446B-6AAC-4821-B23E-980DD44D4C01}
	EndGlobalSection
EndGlobal
